
Microsoft Visual Studio Solution File, Format Version 12.00
# Visual Studio Version 17
VisualStudioVersion = 17.4.33205.214
MinimumVisualStudioVersion = 10.0.40219.1
Project("{FAE04EC0-301F-11D3-BF4B-00C04F79EFBC}") = "Ecommerce", "Ecommerce\Ecommerce.csproj", "{82802511-0B6A-4DC1-B686-7EA885FECCF6}"
EndProject
Global
	GlobalSection(SolutionConfigurationPlatforms) = preSolution
		Debug|Any CPU = Debug|Any CPU
		Release|Any CPU = Release|Any CPU
	EndGlobalSection
	GlobalSection(ProjectConfigurationPlatforms) = postSolution
		{82802511-0B6A-4DC1-B686-7EA885FECCF6}.Debug|Any CPU.ActiveCfg = Debug|Any CPU
		{82802511-0B6A-4DC1-B686-7EA885FECCF6}.Debug|Any CPU.Build.0 = Debug|Any CPU
		{82802511-0B6A-4DC1-B686-7EA885FECCF6}.Release|Any CPU.ActiveCfg = Release|Any CPU
		{82802511-0B6A-4DC1-B686-7EA885FECCF6}.Release|Any CPU.Build.0 = Release|Any CPU
	EndGlobalSection
	GlobalSection(SolutionProperties) = preSolution
		HideSolutionNode = FALSE
	EndGlobalSection
	GlobalSection(ExtensibilityGlobals) = postSolution
		SolutionGuid = {6B304E18-CD19-49A0-8F9F-0D82D4B451A0}
	EndGlobalSection
EndGlobal
